# This file is automatically @generated by Cargo.
# It is not intended for manual editing.
version = 4

[[package]]
name = "cli"
version = "0.1.0"

[[package]]
name = "codegen"
version = "0.1.0"

[[package]]
name = "ir"
version = "0.1.0"

[[package]]
name = "parser"
version = "0.1.0"
dependencies = [
 "syntax_tree",
 "tokenizer",
]

[[package]]
name = "syntax_tree"
version = "0.1.0"
dependencies = [
 "tokenizer",
]

[[package]]
name = "tokenizer"
version = "0.1.0"
