# This file is automatically @generated by Cargo.
# It is not intended for manual editing.
version = 4

[[package]]
name = "cli"
version = "0.1.0"

[[package]]
name = "codegen"
version = "0.1.0"

[[package]]
name = "indoc"
version = "2.0.6"
source = "registry+https://github.com/rust-lang/crates.io-index"
checksum = "f4c7245a08504955605670dbf141fceab975f15ca21570696aebe9d2e71576bd"

[[package]]
name = "ir"
version = "0.1.0"

[[package]]
name = "parser"
version = "0.1.0"
dependencies = [
 "indoc",
 "syntax_tree",
 "tokenizer",
]

[[package]]
name = "syntax_tree"
version = "0.1.0"
dependencies = [
 "tokenizer",
]

[[package]]
name = "tokenizer"
version = "0.1.0"
dependencies = [
 "indoc",
]
